// !$*UTF8*$!
{
	archiveVersion = 1;
	classes = {
	};
	objectVersion = 46;
	objects = {

/* Begin PBXBuildFile section */
		B919552C1951FED300C92862 /* Pinoccio.h in CopyFiles */ = {isa = PBXBuildFile; fileRef = B919552B1951FED300C92862 /* Pinoccio.h */; };
		B919552E1951FED300C92862 /* Pinoccio.m in Sources */ = {isa = PBXBuildFile; fileRef = B919552D1951FED300C92862 /* Pinoccio.m */; };
		B91955341951FED300C92862 /* libPinoccio.a in Frameworks */ = {isa = PBXBuildFile; fileRef = B91955281951FED300C92862 /* libPinoccio.a */; };
		B919554C1951FF0F00C92862 /* main.m in Sources */ = {isa = PBXBuildFile; fileRef = B919554B1951FF0F00C92862 /* main.m */; };
		B919554F1951FF0F00C92862 /* AppDelegate.m in Sources */ = {isa = PBXBuildFile; fileRef = B919554E1951FF0F00C92862 /* AppDelegate.m */; };
		B91955521951FF0F00C92862 /* ViewController.m in Sources */ = {isa = PBXBuildFile; fileRef = B91955511951FF0F00C92862 /* ViewController.m */; };
		B91955551951FF0F00C92862 /* Main.storyboard in Resources */ = {isa = PBXBuildFile; fileRef = B91955531951FF0F00C92862 /* Main.storyboard */; };
		B91955571951FF0F00C92862 /* Images.xcassets in Resources */ = {isa = PBXBuildFile; fileRef = B91955561951FF0F00C92862 /* Images.xcassets */; };
		B91955631951FF0F00C92862 /* Pinoccio_iOSTests.m in Sources */ = {isa = PBXBuildFile; fileRef = B91955621951FF0F00C92862 /* Pinoccio_iOSTests.m */; };
		B91955941951FF6D00C92862 /* libPinoccio.a in Frameworks */ = {isa = PBXBuildFile; fileRef = B91955281951FED300C92862 /* libPinoccio.a */; };
/* End PBXBuildFile section */

/* Begin PBXContainerItemProxy section */
		B91955351951FED300C92862 /* PBXContainerItemProxy */ = {
			isa = PBXContainerItemProxy;
			containerPortal = B91955201951FED300C92862 /* Project object */;
			proxyType = 1;
			remoteGlobalIDString = B91955271951FED300C92862;
			remoteInfo = Pinoccio;
		};
		B919555D1951FF0F00C92862 /* PBXContainerItemProxy */ = {
			isa = PBXContainerItemProxy;
			containerPortal = B91955201951FED300C92862 /* Project object */;
			proxyType = 1;
			remoteGlobalIDString = B91955461951FF0F00C92862;
			remoteInfo = "Pinoccio-iOS";
		};
		B91955921951FF6800C92862 /* PBXContainerItemProxy */ = {
			isa = PBXContainerItemProxy;
			containerPortal = B91955201951FED300C92862 /* Project object */;
			proxyType = 1;
			remoteGlobalIDString = B91955271951FED300C92862;
			remoteInfo = Pinoccio;
		};
/* End PBXContainerItemProxy section */

/* Begin PBXCopyFilesBuildPhase section */
		B91955261951FED300C92862 /* CopyFiles */ = {
			isa = PBXCopyFilesBuildPhase;
			buildActionMask = 2147483647;
			dstPath = "include/$(PRODUCT_NAME)";
			dstSubfolderSpec = 16;
			files = (
				B919552C1951FED300C92862 /* Pinoccio.h in CopyFiles */,
			);
			runOnlyForDeploymentPostprocessing = 0;
		};
/* End PBXCopyFilesBuildPhase section */

/* Begin PBXFileReference section */
		B91955281951FED300C92862 /* libPinoccio.a */ = {isa = PBXFileReference; explicitFileType = archive.ar; includeInIndex = 0; path = libPinoccio.a; sourceTree = BUILT_PRODUCTS_DIR; };
		B919552B1951FED300C92862 /* Pinoccio.h */ = {isa = PBXFileReference; lastKnownFileType = sourcecode.c.h; path = Pinoccio.h; sourceTree = "<group>"; };
		B919552D1951FED300C92862 /* Pinoccio.m */ = {isa = PBXFileReference; lastKnownFileType = sourcecode.c.objc; path = Pinoccio.m; sourceTree = "<group>"; };
		B91955331951FED300C92862 /* PinoccioTests.xctest */ = {isa = PBXFileReference; explicitFileType = wrapper.cfbundle; includeInIndex = 0; path = PinoccioTests.xctest; sourceTree = BUILT_PRODUCTS_DIR; };
		B91955391951FED300C92862 /* Info.plist */ = {isa = PBXFileReference; lastKnownFileType = text.plist.xml; path = Info.plist; sourceTree = "<group>"; };
		B91955471951FF0F00C92862 /* Pinoccio-iOS.app */ = {isa = PBXFileReference; explicitFileType = wrapper.application; includeInIndex = 0; path = "Pinoccio-iOS.app"; sourceTree = BUILT_PRODUCTS_DIR; };
		B919554A1951FF0F00C92862 /* Info.plist */ = {isa = PBXFileReference; lastKnownFileType = text.plist.xml; path = Info.plist; sourceTree = "<group>"; };
		B919554B1951FF0F00C92862 /* main.m */ = {isa = PBXFileReference; lastKnownFileType = sourcecode.c.objc; path = main.m; sourceTree = "<group>"; };
		B919554D1951FF0F00C92862 /* AppDelegate.h */ = {isa = PBXFileReference; lastKnownFileType = sourcecode.c.h; path = AppDelegate.h; sourceTree = "<group>"; };
		B919554E1951FF0F00C92862 /* AppDelegate.m */ = {isa = PBXFileReference; lastKnownFileType = sourcecode.c.objc; path = AppDelegate.m; sourceTree = "<group>"; };
		B91955501951FF0F00C92862 /* ViewController.h */ = {isa = PBXFileReference; lastKnownFileType = sourcecode.c.h; path = ViewController.h; sourceTree = "<group>"; };
		B91955511951FF0F00C92862 /* ViewController.m */ = {isa = PBXFileReference; lastKnownFileType = sourcecode.c.objc; path = ViewController.m; sourceTree = "<group>"; };
		B91955541951FF0F00C92862 /* Base */ = {isa = PBXFileReference; lastKnownFileType = file.storyboard; name = Base; path = Base.lproj/Main.storyboard; sourceTree = "<group>"; };
		B91955561951FF0F00C92862 /* Images.xcassets */ = {isa = PBXFileReference; lastKnownFileType = folder.assetcatalog; path = Images.xcassets; sourceTree = "<group>"; };
		B919555C1951FF0F00C92862 /* Pinoccio-iOSTests.xctest */ = {isa = PBXFileReference; explicitFileType = wrapper.cfbundle; includeInIndex = 0; path = "Pinoccio-iOSTests.xctest"; sourceTree = BUILT_PRODUCTS_DIR; };
		B91955611951FF0F00C92862 /* Info.plist */ = {isa = PBXFileReference; lastKnownFileType = text.plist.xml; path = Info.plist; sourceTree = "<group>"; };
		B91955621951FF0F00C92862 /* Pinoccio_iOSTests.m */ = {isa = PBXFileReference; lastKnownFileType = sourcecode.c.objc; path = Pinoccio_iOSTests.m; sourceTree = "<group>"; };
		B91955881951FF2600C92862 /* Info.plist */ = {isa = PBXFileReference; lastKnownFileType = text.plist.xml; path = Info.plist; sourceTree = "<group>"; };
		B91955891951FF2600C92862 /* Pinoccio_OSXTests.m */ = {isa = PBXFileReference; lastKnownFileType = sourcecode.c.objc; path = Pinoccio_OSXTests.m; sourceTree = "<group>"; };
/* End PBXFileReference section */

/* Begin PBXFrameworksBuildPhase section */
		B91955251951FED300C92862 /* Frameworks */ = {
			isa = PBXFrameworksBuildPhase;
			buildActionMask = 2147483647;
			files = (
			);
			runOnlyForDeploymentPostprocessing = 0;
		};
		B91955301951FED300C92862 /* Frameworks */ = {
			isa = PBXFrameworksBuildPhase;
			buildActionMask = 2147483647;
			files = (
				B91955341951FED300C92862 /* libPinoccio.a in Frameworks */,
			);
			runOnlyForDeploymentPostprocessing = 0;
		};
		B91955441951FF0F00C92862 /* Frameworks */ = {
			isa = PBXFrameworksBuildPhase;
			buildActionMask = 2147483647;
			files = (
				B91955941951FF6D00C92862 /* libPinoccio.a in Frameworks */,
			);
			runOnlyForDeploymentPostprocessing = 0;
		};
		B91955591951FF0F00C92862 /* Frameworks */ = {
			isa = PBXFrameworksBuildPhase;
			buildActionMask = 2147483647;
			files = (
			);
			runOnlyForDeploymentPostprocessing = 0;
		};
/* End PBXFrameworksBuildPhase section */

/* Begin PBXGroup section */
		B919551F1951FED300C92862 = {
			isa = PBXGroup;
			children = (
				B919552A1951FED300C92862 /* Pinoccio */,
				B91955421951FEED00C92862 /* Examples */,
				B91955911951FF3100C92862 /* Test Cases */,
				B91955291951FED300C92862 /* Products */,
			);
			sourceTree = "<group>";
		};
		B91955291951FED300C92862 /* Products */ = {
			isa = PBXGroup;
			children = (
				B91955281951FED300C92862 /* libPinoccio.a */,
				B91955331951FED300C92862 /* PinoccioTests.xctest */,
				B91955471951FF0F00C92862 /* Pinoccio-iOS.app */,
				B919555C1951FF0F00C92862 /* Pinoccio-iOSTests.xctest */,
			);
			name = Products;
			sourceTree = "<group>";
		};
		B919552A1951FED300C92862 /* Pinoccio */ = {
			isa = PBXGroup;
			children = (
				B919552B1951FED300C92862 /* Pinoccio.h */,
				B919552D1951FED300C92862 /* Pinoccio.m */,
			);
			path = Pinoccio;
			sourceTree = "<group>";
		};
		B91955371951FED300C92862 /* PinoccioTests */ = {
			isa = PBXGroup;
			children = (
				B91955381951FED300C92862 /* Supporting Files */,
			);
			path = PinoccioTests;
			sourceTree = "<group>";
		};
		B91955381951FED300C92862 /* Supporting Files */ = {
			isa = PBXGroup;
			children = (
				B91955391951FED300C92862 /* Info.plist */,
			);
			path = "Supporting Files";
			sourceTree = "<group>";
		};
		B91955421951FEED00C92862 /* Examples */ = {
			isa = PBXGroup;
			children = (
				B91955481951FF0F00C92862 /* Pinoccio-iOS */,
			);
			path = Examples;
			sourceTree = "<group>";
		};
		B91955481951FF0F00C92862 /* Pinoccio-iOS */ = {
			isa = PBXGroup;
			children = (
				B919554D1951FF0F00C92862 /* AppDelegate.h */,
				B919554E1951FF0F00C92862 /* AppDelegate.m */,
				B91955501951FF0F00C92862 /* ViewController.h */,
				B91955511951FF0F00C92862 /* ViewController.m */,
				B91955531951FF0F00C92862 /* Main.storyboard */,
				B91955561951FF0F00C92862 /* Images.xcassets */,
				B91955491951FF0F00C92862 /* Supporting Files */,
			);
			path = "Pinoccio-iOS";
			sourceTree = "<group>";
		};
		B91955491951FF0F00C92862 /* Supporting Files */ = {
			isa = PBXGroup;
			children = (
				B919554A1951FF0F00C92862 /* Info.plist */,
				B919554B1951FF0F00C92862 /* main.m */,
			);
			path = "Supporting Files";
			sourceTree = "<group>";
		};
		B919555F1951FF0F00C92862 /* Pinoccio-iOSTests */ = {
			isa = PBXGroup;
			children = (
				B91955621951FF0F00C92862 /* Pinoccio_iOSTests.m */,
				B91955601951FF0F00C92862 /* Supporting Files */,
			);
			path = "Pinoccio-iOSTests";
			sourceTree = "<group>";
		};
		B91955601951FF0F00C92862 /* Supporting Files */ = {
			isa = PBXGroup;
			children = (
				B91955611951FF0F00C92862 /* Info.plist */,
			);
			path = "Supporting Files";
			sourceTree = "<group>";
		};
		B91955861951FF2600C92862 /* Pinoccio-OSXTests */ = {
			isa = PBXGroup;
			children = (
				B91955891951FF2600C92862 /* Pinoccio_OSXTests.m */,
				B91955871951FF2600C92862 /* Supporting Files */,
			);
			path = "Pinoccio-OSXTests";
			sourceTree = "<group>";
		};
		B91955871951FF2600C92862 /* Supporting Files */ = {
			isa = PBXGroup;
			children = (
				B91955881951FF2600C92862 /* Info.plist */,
			);
			path = "Supporting Files";
			sourceTree = "<group>";
		};
		B91955911951FF3100C92862 /* Test Cases */ = {
			isa = PBXGroup;
			children = (
				B91955371951FED300C92862 /* PinoccioTests */,
				B919555F1951FF0F00C92862 /* Pinoccio-iOSTests */,
				B91955861951FF2600C92862 /* Pinoccio-OSXTests */,
			);
			path = "Test Cases";
			sourceTree = "<group>";
		};
/* End PBXGroup section */

/* Begin PBXNativeTarget section */
		B91955271951FED300C92862 /* Pinoccio */ = {
			isa = PBXNativeTarget;
			buildConfigurationList = B919553C1951FED300C92862 /* Build configuration list for PBXNativeTarget "Pinoccio" */;
			buildPhases = (
				B91955241951FED300C92862 /* Sources */,
				B91955251951FED300C92862 /* Frameworks */,
				B91955261951FED300C92862 /* CopyFiles */,
			);
			buildRules = (
			);
			dependencies = (
			);
			name = Pinoccio;
			productName = Pinoccio;
			productReference = B91955281951FED300C92862 /* libPinoccio.a */;
			productType = "com.apple.product-type.library.static";
		};
		B91955321951FED300C92862 /* PinoccioTests */ = {
			isa = PBXNativeTarget;
			buildConfigurationList = B919553F1951FED300C92862 /* Build configuration list for PBXNativeTarget "PinoccioTests" */;
			buildPhases = (
				B919552F1951FED300C92862 /* Sources */,
				B91955301951FED300C92862 /* Frameworks */,
				B91955311951FED300C92862 /* Resources */,
			);
			buildRules = (
			);
			dependencies = (
				B91955361951FED300C92862 /* PBXTargetDependency */,
			);
			name = PinoccioTests;
			productName = PinoccioTests;
			productReference = B91955331951FED300C92862 /* PinoccioTests.xctest */;
			productType = "com.apple.product-type.bundle.unit-test";
		};
		B91955461951FF0F00C92862 /* Pinoccio-iOS */ = {
			isa = PBXNativeTarget;
			buildConfigurationList = B91955641951FF0F00C92862 /* Build configuration list for PBXNativeTarget "Pinoccio-iOS" */;
			buildPhases = (
				B91955431951FF0F00C92862 /* Sources */,
				B91955441951FF0F00C92862 /* Frameworks */,
				B91955451951FF0F00C92862 /* Resources */,
			);
			buildRules = (
			);
			dependencies = (
				B91955931951FF6800C92862 /* PBXTargetDependency */,
			);
			name = "Pinoccio-iOS";
			productName = "Pinoccio-iOS";
			productReference = B91955471951FF0F00C92862 /* Pinoccio-iOS.app */;
			productType = "com.apple.product-type.application";
		};
		B919555B1951FF0F00C92862 /* Pinoccio-iOSTests */ = {
			isa = PBXNativeTarget;
			buildConfigurationList = B91955671951FF0F00C92862 /* Build configuration list for PBXNativeTarget "Pinoccio-iOSTests" */;
			buildPhases = (
				B91955581951FF0F00C92862 /* Sources */,
				B91955591951FF0F00C92862 /* Frameworks */,
				B919555A1951FF0F00C92862 /* Resources */,
			);
			buildRules = (
			);
			dependencies = (
				B919555E1951FF0F00C92862 /* PBXTargetDependency */,
			);
			name = "Pinoccio-iOSTests";
			productName = "Pinoccio-iOSTests";
			productReference = B919555C1951FF0F00C92862 /* Pinoccio-iOSTests.xctest */;
			productType = "com.apple.product-type.bundle.unit-test";
		};
/* End PBXNativeTarget section */

/* Begin PBXProject section */
		B91955201951FED300C92862 /* Project object */ = {
			isa = PBXProject;
			attributes = {
				LastUpgradeCheck = 0600;
				ORGANIZATIONNAME = Haifisch;
				TargetAttributes = {
					B91955271951FED300C92862 = {
						CreatedOnToolsVersion = 6.0;
					};
					B91955321951FED300C92862 = {
						CreatedOnToolsVersion = 6.0;
						TestTargetID = B91955271951FED300C92862;
					};
					B91955461951FF0F00C92862 = {
						CreatedOnToolsVersion = 6.0;
					};
					B919555B1951FF0F00C92862 = {
						CreatedOnToolsVersion = 6.0;
						TestTargetID = B91955461951FF0F00C92862;
					};
				};
			};
			buildConfigurationList = B91955231951FED300C92862 /* Build configuration list for PBXProject "Pinoccio" */;
			compatibilityVersion = "Xcode 3.2";
			developmentRegion = English;
			hasScannedForEncodings = 0;
			knownRegions = (
				en,
				Base,
			);
			mainGroup = B919551F1951FED300C92862;
			productRefGroup = B91955291951FED300C92862 /* Products */;
			projectDirPath = "";
			projectRoot = "";
			targets = (
				B91955271951FED300C92862 /* Pinoccio */,
				B91955321951FED300C92862 /* PinoccioTests */,
				B91955461951FF0F00C92862 /* Pinoccio-iOS */,
				B919555B1951FF0F00C92862 /* Pinoccio-iOSTests */,
			);
		};
/* End PBXProject section */

/* Begin PBXResourcesBuildPhase section */
		B91955311951FED300C92862 /* Resources */ = {
			isa = PBXResourcesBuildPhase;
			buildActionMask = 2147483647;
			files = (
			);
			runOnlyForDeploymentPostprocessing = 0;
		};
		B91955451951FF0F00C92862 /* Resources */ = {
			isa = PBXResourcesBuildPhase;
			buildActionMask = 2147483647;
			files = (
				B91955551951FF0F00C92862 /* Main.storyboard in Resources */,
				B91955571951FF0F00C92862 /* Images.xcassets in Resources */,
			);
			runOnlyForDeploymentPostprocessing = 0;
		};
		B919555A1951FF0F00C92862 /* Resources */ = {
			isa = PBXResourcesBuildPhase;
			buildActionMask = 2147483647;
			files = (
			);
			runOnlyForDeploymentPostprocessing = 0;
		};
/* End PBXResourcesBuildPhase section */

/* Begin PBXSourcesBuildPhase section */
		B91955241951FED300C92862 /* Sources */ = {
			isa = PBXSourcesBuildPhase;
			buildActionMask = 2147483647;
			files = (
				B919552E1951FED300C92862 /* Pinoccio.m in Sources */,
			);
			runOnlyForDeploymentPostprocessing = 0;
		};
		B919552F1951FED300C92862 /* Sources */ = {
			isa = PBXSourcesBuildPhase;
			buildActionMask = 2147483647;
			files = (
			);
			runOnlyForDeploymentPostprocessing = 0;
		};
		B91955431951FF0F00C92862 /* Sources */ = {
			isa = PBXSourcesBuildPhase;
			buildActionMask = 2147483647;
			files = (
				B91955521951FF0F00C92862 /* ViewController.m in Sources */,
				B919554F1951FF0F00C92862 /* AppDelegate.m in Sources */,
				B919554C1951FF0F00C92862 /* main.m in Sources */,
			);
			runOnlyForDeploymentPostprocessing = 0;
		};
		B91955581951FF0F00C92862 /* Sources */ = {
			isa = PBXSourcesBuildPhase;
			buildActionMask = 2147483647;
			files = (
				B91955631951FF0F00C92862 /* Pinoccio_iOSTests.m in Sources */,
			);
			runOnlyForDeploymentPostprocessing = 0;
		};
/* End PBXSourcesBuildPhase section */

/* Begin PBXTargetDependency section */
		B91955361951FED300C92862 /* PBXTargetDependency */ = {
			isa = PBXTargetDependency;
			target = B91955271951FED300C92862 /* Pinoccio */;
			targetProxy = B91955351951FED300C92862 /* PBXContainerItemProxy */;
		};
		B919555E1951FF0F00C92862 /* PBXTargetDependency */ = {
			isa = PBXTargetDependency;
			target = B91955461951FF0F00C92862 /* Pinoccio-iOS */;
			targetProxy = B919555D1951FF0F00C92862 /* PBXContainerItemProxy */;
		};
		B91955931951FF6800C92862 /* PBXTargetDependency */ = {
			isa = PBXTargetDependency;
			target = B91955271951FED300C92862 /* Pinoccio */;
			targetProxy = B91955921951FF6800C92862 /* PBXContainerItemProxy */;
		};
/* End PBXTargetDependency section */

/* Begin PBXVariantGroup section */
		B91955531951FF0F00C92862 /* Main.storyboard */ = {
			isa = PBXVariantGroup;
			children = (
				B91955541951FF0F00C92862 /* Base */,
			);
			name = Main.storyboard;
			sourceTree = "<group>";
		};
/* End PBXVariantGroup section */

/* Begin XCBuildConfiguration section */
		B919553A1951FED300C92862 /* Debug */ = {
			isa = XCBuildConfiguration;
			buildSettings = {
				ALWAYS_SEARCH_USER_PATHS = NO;
				CLANG_CXX_LANGUAGE_STANDARD = "gnu++0x";
				CLANG_CXX_LIBRARY = "libc++";
				CLANG_ENABLE_MODULES = YES;
				CLANG_ENABLE_OBJC_ARC = YES;
				CLANG_WARN_BOOL_CONVERSION = YES;
				CLANG_WARN_CONSTANT_CONVERSION = YES;
				CLANG_WARN_DIRECT_OBJC_ISA_USAGE = YES_ERROR;
				CLANG_WARN_EMPTY_BODY = YES;
				CLANG_WARN_ENUM_CONVERSION = YES;
				CLANG_WARN_INT_CONVERSION = YES;
				CLANG_WARN_OBJC_ROOT_CLASS = YES_ERROR;
				CLANG_WARN_UNREACHABLE_CODE = YES;
				CLANG_WARN__DUPLICATE_METHOD_MATCH = YES;
				COPY_PHASE_STRIP = NO;
				ENABLE_STRICT_OBJC_MSGSEND = YES;
				GCC_C_LANGUAGE_STANDARD = gnu99;
				GCC_DYNAMIC_NO_PIC = NO;
				GCC_OPTIMIZATION_LEVEL = 0;
				GCC_PREPROCESSOR_DEFINITIONS = (
					"DEBUG=1",
					"$(inherited)",
				);
				GCC_SYMBOLS_PRIVATE_EXTERN = NO;
				GCC_WARN_64_TO_32_BIT_CONVERSION = YES;
				GCC_WARN_ABOUT_RETURN_TYPE = YES_ERROR;
				GCC_WARN_UNDECLARED_SELECTOR = YES;
				GCC_WARN_UNINITIALIZED_AUTOS = YES_AGGRESSIVE;
				GCC_WARN_UNUSED_FUNCTION = YES;
				GCC_WARN_UNUSED_VARIABLE = YES;
				IPHONEOS_DEPLOYMENT_TARGET = 8.0;
				METAL_ENABLE_DEBUG_INFO = YES;
				ONLY_ACTIVE_ARCH = YES;
				SDKROOT = iphoneos;
			};
			name = Debug;
		};
		B919553B1951FED300C92862 /* Release */ = {
			isa = XCBuildConfiguration;
			buildSettings = {
				ALWAYS_SEARCH_USER_PATHS = NO;
				CLANG_CXX_LANGUAGE_STANDARD = "gnu++0x";
				CLANG_CXX_LIBRARY = "libc++";
				CLANG_ENABLE_MODULES = YES;
				CLANG_ENABLE_OBJC_ARC = YES;
				CLANG_WARN_BOOL_CONVERSION = YES;
				CLANG_WARN_CONSTANT_CONVERSION = YES;
				CLANG_WARN_DIRECT_OBJC_ISA_USAGE = YES_ERROR;
				CLANG_WARN_EMPTY_BODY = YES;
				CLANG_WARN_ENUM_CONVERSION = YES;
				CLANG_WARN_INT_CONVERSION = YES;
				CLANG_WARN_OBJC_ROOT_CLASS = YES_ERROR;
				CLANG_WARN_UNREACHABLE_CODE = YES;
				CLANG_WARN__DUPLICATE_METHOD_MATCH = YES;
				COPY_PHASE_STRIP = YES;
				ENABLE_NS_ASSERTIONS = NO;
				ENABLE_STRICT_OBJC_MSGSEND = YES;
				GCC_C_LANGUAGE_STANDARD = gnu99;
				GCC_WARN_64_TO_32_BIT_CONVERSION = YES;
				GCC_WARN_ABOUT_RETURN_TYPE = YES_ERROR;
				GCC_WARN_UNDECLARED_SELECTOR = YES;
				GCC_WARN_UNINITIALIZED_AUTOS = YES_AGGRESSIVE;
				GCC_WARN_UNUSED_FUNCTION = YES;
				GCC_WARN_UNUSED_VARIABLE = YES;
				IPHONEOS_DEPLOYMENT_TARGET = 8.0;
				METAL_ENABLE_DEBUG_INFO = NO;
				SDKROOT = iphoneos;
				VALIDATE_PRODUCT = YES;
			};
			name = Release;
		};
		B919553D1951FED300C92862 /* Debug */ = {
			isa = XCBuildConfiguration;
			buildSettings = {
				OTHER_LDFLAGS = "-ObjC";
				PRODUCT_NAME = "$(TARGET_NAME)";
				SKIP_INSTALL = YES;
			};
			name = Debug;
		};
		B919553E1951FED300C92862 /* Release */ = {
			isa = XCBuildConfiguration;
			buildSettings = {
				OTHER_LDFLAGS = "-ObjC";
				PRODUCT_NAME = "$(TARGET_NAME)";
				SKIP_INSTALL = YES;
			};
			name = Release;
		};
		B91955401951FED300C92862 /* Debug */ = {
			isa = XCBuildConfiguration;
			buildSettings = {
				FRAMEWORK_SEARCH_PATHS = (
					"$(SDKROOT)/Developer/Library/Frameworks",
					"$(inherited)",
				);
				GCC_PREPROCESSOR_DEFINITIONS = (
					"DEBUG=1",
					"$(inherited)",
				);
				INFOPLIST_FILE = "Test Cases/PinoccioTests/Supporting Files/Info.plist";
				LD_RUNPATH_SEARCH_PATHS = "$(inherited) @executable_path/Frameworks @loader_path/Frameworks";
				METAL_ENABLE_DEBUG_INFO = YES;
				PRODUCT_NAME = "$(TARGET_NAME)";
			};
			name = Debug;
		};
		B91955411951FED300C92862 /* Release */ = {
			isa = XCBuildConfiguration;
			buildSettings = {
				FRAMEWORK_SEARCH_PATHS = (
					"$(SDKROOT)/Developer/Library/Frameworks",
					"$(inherited)",
				);
				INFOPLIST_FILE = "Test Cases/PinoccioTests/Supporting Files/Info.plist";
				LD_RUNPATH_SEARCH_PATHS = "$(inherited) @executable_path/Frameworks @loader_path/Frameworks";
				METAL_ENABLE_DEBUG_INFO = NO;
				PRODUCT_NAME = "$(TARGET_NAME)";
			};
			name = Release;
		};
		B91955651951FF0F00C92862 /* Debug */ = {
			isa = XCBuildConfiguration;
			buildSettings = {
				ASSETCATALOG_COMPILER_APPICON_NAME = AppIcon;
				ASSETCATALOG_COMPILER_LAUNCHIMAGE_NAME = LaunchImage;
				"CODE_SIGN_IDENTITY[sdk=iphoneos*]" = "iPhone Developer";
				GCC_PREPROCESSOR_DEFINITIONS = (
					"DEBUG=1",
					"$(inherited)",
				);
				INFOPLIST_FILE = "Examples/Pinoccio-iOS/Supporting Files/Info.plist";
				LD_RUNPATH_SEARCH_PATHS = "$(inherited) @executable_path/Frameworks";
				METAL_ENABLE_DEBUG_INFO = YES;
				PRODUCT_NAME = "$(TARGET_NAME)";
			};
			name = Debug;
		};
		B91955661951FF0F00C92862 /* Release */ = {
			isa = XCBuildConfiguration;
			buildSettings = {
				ASSETCATALOG_COMPILER_APPICON_NAME = AppIcon;
				ASSETCATALOG_COMPILER_LAUNCHIMAGE_NAME = LaunchImage;
				"CODE_SIGN_IDENTITY[sdk=iphoneos*]" = "iPhone Developer";
				INFOPLIST_FILE = "Examples/Pinoccio-iOS/Supporting Files/Info.plist";
				LD_RUNPATH_SEARCH_PATHS = "$(inherited) @executable_path/Frameworks";
				METAL_ENABLE_DEBUG_INFO = NO;
				PRODUCT_NAME = "$(TARGET_NAME)";
			};
			name = Release;
		};
		B91955681951FF0F00C92862 /* Debug */ = {
			isa = XCBuildConfiguration;
			buildSettings = {
				BUNDLE_LOADER = "$(BUILT_PRODUCTS_DIR)/Pinoccio-iOS.app/Pinoccio-iOS";
				FRAMEWORK_SEARCH_PATHS = (
					"$(SDKROOT)/Developer/Library/Frameworks",
					"$(inherited)",
				);
				GCC_PREPROCESSOR_DEFINITIONS = (
					"DEBUG=1",
					"$(inherited)",
				);
				INFOPLIST_FILE = "Test Cases/Pinoccio-iOSTests/Supporting Files/Info.plist";
				LD_RUNPATH_SEARCH_PATHS = "$(inherited) @executable_path/Frameworks @loader_path/Frameworks";
				METAL_ENABLE_DEBUG_INFO = YES;
				PRODUCT_NAME = "$(TARGET_NAME)";
				TEST_HOST = "$(BUNDLE_LOADER)";
			};
			name = Debug;
		};
		B91955691951FF0F00C92862 /* Release */ = {
			isa = XCBuildConfiguration;
			buildSettings = {
				BUNDLE_LOADER = "$(BUILT_PRODUCTS_DIR)/Pinoccio-iOS.app/Pinoccio-iOS";
				FRAMEWORK_SEARCH_PATHS = (
					"$(SDKROOT)/Developer/Library/Frameworks",
					"$(inherited)",
				);
				INFOPLIST_FILE = "Test Cases/Pinoccio-iOSTests/Supporting Files/Info.plist";
				LD_RUNPATH_SEARCH_PATHS = "$(inherited) @executable_path/Frameworks @loader_path/Frameworks";
				METAL_ENABLE_DEBUG_INFO = NO;
				PRODUCT_NAME = "$(TARGET_NAME)";
				TEST_HOST = "$(BUNDLE_LOADER)";
			};
			name = Release;
		};
/* End XCBuildConfiguration section */

/* Begin XCConfigurationList section */
		B91955231951FED300C92862 /* Build configuration list for PBXProject "Pinoccio" */ = {
			isa = XCConfigurationList;
			buildConfigurations = (
				B919553A1951FED300C92862 /* Debug */,
				B919553B1951FED300C92862 /* Release */,
			);
			defaultConfigurationIsVisible = 0;
			defaultConfigurationName = Release;
		};
		B919553C1951FED300C92862 /* Build configuration list for PBXNativeTarget "Pinoccio" */ = {
			isa = XCConfigurationList;
			buildConfigurations = (
				B919553D1951FED300C92862 /* Debug */,
				B919553E1951FED300C92862 /* Release */,
			);
			defaultConfigurationIsVisible = 0;
			defaultConfigurationName = Release;
		};
		B919553F1951FED300C92862 /* Build configuration list for PBXNativeTarget "PinoccioTests" */ = {
			isa = XCConfigurationList;
			buildConfigurations = (
				B91955401951FED300C92862 /* Debug */,
				B91955411951FED300C92862 /* Release */,
			);
			defaultConfigurationIsVisible = 0;
			defaultConfigurationName = Release;
		};
		B91955641951FF0F00C92862 /* Build configuration list for PBXNativeTarget "Pinoccio-iOS" */ = {
			isa = XCConfigurationList;
			buildConfigurations = (
				B91955651951FF0F00C92862 /* Debug */,
				B91955661951FF0F00C92862 /* Release */,
			);
			defaultConfigurationIsVisible = 0;
			defaultConfigurationName = Release;
		};
		B91955671951FF0F00C92862 /* Build configuration list for PBXNativeTarget "Pinoccio-iOSTests" */ = {
			isa = XCConfigurationList;
			buildConfigurations = (
				B91955681951FF0F00C92862 /* Debug */,
				B91955691951FF0F00C92862 /* Release */,
			);
			defaultConfigurationIsVisible = 0;
			defaultConfigurationName = Release;
		};
/* End XCConfigurationList section */
	};
	rootObject = B91955201951FED300C92862 /* Project object */;
}
